[[package]]
name = "atomicwrites"
version = "1.4.0"
description = "Atomic file writes."
category = "dev"
optional = false
python-versions = ">=2.7, !=3.0.*, !=3.1.*, !=3.2.*, !=3.3.*"

[[package]]
name = "attrs"
version = "21.2.0"
description = "Classes Without Boilerplate"
category = "main"
optional = false
python-versions = ">=2.7, !=3.0.*, !=3.1.*, !=3.2.*, !=3.3.*, !=3.4.*"

[package.extras]
dev = ["coverage[toml] (>=5.0.2)", "hypothesis", "pympler", "pytest (>=4.3.0)", "six", "mypy", "pytest-mypy-plugins", "zope.interface", "furo", "sphinx", "sphinx-notfound-page", "pre-commit"]
docs = ["furo", "sphinx", "zope.interface", "sphinx-notfound-page"]
tests = ["coverage[toml] (>=5.0.2)", "hypothesis", "pympler", "pytest (>=4.3.0)", "six", "mypy", "pytest-mypy-plugins", "zope.interface"]
tests_no_zope = ["coverage[toml] (>=5.0.2)", "hypothesis", "pympler", "pytest (>=4.3.0)", "six", "mypy", "pytest-mypy-plugins"]

[[package]]
name = "aws-cdk-lib"
version = "2.1.0"
description = "Version 2 of the AWS Cloud Development Kit library"
category = "main"
optional = false
python-versions = ">=3.6"

[package.dependencies]
constructs = ">=10.0.0,<11.0.0"
jsii = ">=1.46.0,<2.0.0"
publication = ">=0.0.3"

[[package]]
name = "aws-cdk.assets"
version = "0.28.0"
description = "Integration of CDK apps with local assets"
category = "main"
optional = false
python-versions = ">=3.6"

[package.dependencies]
"aws-cdk.aws-iam" = ">=0.28.0,<0.29.0"
"aws-cdk.aws-s3" = ">=0.28.0,<0.29.0"
"aws-cdk.cdk" = ">=0.28.0,<0.29.0"
jsii = "*"
publication = ">=0.0.3"

[[package]]
name = "aws-cdk.aws-apigatewayv2-alpha"
version = "2.1.0a0"
description = "The CDK Construct Library for AWS::APIGatewayv2"
category = "main"
optional = false
python-versions = ">=3.6"

[package.dependencies]
aws-cdk-lib = ">=2.1.0,<3.0.0"
constructs = ">=10.0.0,<11.0.0"
jsii = ">=1.46.0,<2.0.0"
publication = ">=0.0.3"

[[package]]
name = "aws-cdk.aws-apigatewayv2-integrations-alpha"
version = "2.1.0a0"
description = "Integrations for AWS APIGateway V2"
category = "main"
optional = false
python-versions = ">=3.6"

[package.dependencies]
aws-cdk-lib = ">=2.1.0,<3.0.0"
"aws-cdk.aws-apigatewayv2-alpha" = "2.1.0.a0"
constructs = ">=10.0.0,<11.0.0"
jsii = ">=1.46.0,<2.0.0"
publication = ">=0.0.3"

[[package]]
name = "aws-cdk.aws-autoscaling-api"
version = "0.28.0"
description = "API package for @aws-cdk/aws-autoscaling"
category = "main"
optional = false
python-versions = ">=3.6"

[package.dependencies]
"aws-cdk.aws-iam" = ">=0.28.0,<0.29.0"
"aws-cdk.cdk" = ">=0.28.0,<0.29.0"
jsii = "*"
publication = ">=0.0.3"

[[package]]
name = "aws-cdk.aws-cloudwatch"
version = "0.28.0"
description = "CDK Constructs for AWS CloudWatch"
category = "main"
optional = false
python-versions = ">=3.6"

[package.dependencies]
"aws-cdk.aws-iam" = ">=0.28.0,<0.29.0"
"aws-cdk.cdk" = ">=0.28.0,<0.29.0"
jsii = "*"
publication = ">=0.0.3"

[[package]]
name = "aws-cdk.aws-ec2"
version = "0.28.0"
description = "CDK Constructs for AWS EC2"
category = "main"
optional = false
python-versions = ">=3.6"

[package.dependencies]
"aws-cdk.aws-cloudwatch" = ">=0.28.0,<0.29.0"
"aws-cdk.cdk" = ">=0.28.0,<0.29.0"
"aws-cdk.cx-api" = ">=0.28.0,<0.29.0"
jsii = "*"
publication = ">=0.0.3"

[[package]]
name = "aws-cdk.aws-events"
version = "0.28.0"
description = "AWS CloudWatch Events Construct Library"
category = "main"
optional = false
python-versions = ">=3.6"

[package.dependencies]
"aws-cdk.cdk" = ">=0.28.0,<0.29.0"
jsii = "*"
publication = ">=0.0.3"

[[package]]
name = "aws-cdk.aws-iam"
version = "0.28.0"
description = "CDK routines for easily assigning correct and minimal IAM permissions"
category = "main"
optional = false
python-versions = ">=3.6"

[package.dependencies]
"aws-cdk.cdk" = ">=0.28.0,<0.29.0"
"aws-cdk.region-info" = ">=0.28.0,<0.29.0"
jsii = "*"
publication = ">=0.0.3"

[[package]]
name = "aws-cdk.aws-kms"
version = "0.28.0"
description = "CDK Constructs for AWS KMS"
category = "main"
optional = false
python-versions = ">=3.6"

[package.dependencies]
"aws-cdk.aws-iam" = ">=0.28.0,<0.29.0"
"aws-cdk.cdk" = ">=0.28.0,<0.29.0"
jsii = "*"
publication = ">=0.0.3"

[[package]]
name = "aws-cdk.aws-lambda"
version = "0.28.0"
description = "CDK Constructs for AWS Lambda"
category = "main"
optional = false
python-versions = ">=3.6"

[package.dependencies]
"aws-cdk.assets" = ">=0.28.0,<0.29.0"
"aws-cdk.aws-cloudwatch" = ">=0.28.0,<0.29.0"
"aws-cdk.aws-ec2" = ">=0.28.0,<0.29.0"
"aws-cdk.aws-events" = ">=0.28.0,<0.29.0"
"aws-cdk.aws-iam" = ">=0.28.0,<0.29.0"
"aws-cdk.aws-logs" = ">=0.28.0,<0.29.0"
"aws-cdk.aws-s3" = ">=0.28.0,<0.29.0"
"aws-cdk.aws-s3-notifications" = ">=0.28.0,<0.29.0"
"aws-cdk.aws-sqs" = ">=0.28.0,<0.29.0"
"aws-cdk.aws-stepfunctions" = ">=0.28.0,<0.29.0"
"aws-cdk.cdk" = ">=0.28.0,<0.29.0"
jsii = "*"
publication = ">=0.0.3"

[[package]]
name = "aws-cdk.aws-lambda-python-alpha"
version = "2.1.0a0"
description = "The CDK Construct Library for AWS Lambda in Python"
category = "main"
optional = false
python-versions = ">=3.6"

[package.dependencies]
aws-cdk-lib = ">=2.1.0,<3.0.0"
constructs = ">=10.0.0,<11.0.0"
jsii = ">=1.46.0,<2.0.0"
publication = ">=0.0.3"

[[package]]
name = "aws-cdk.aws-logs"
version = "0.28.0"
description = "The CDK Construct Library for AWS::Logs"
category = "main"
optional = false
python-versions = ">=3.6"

[package.dependencies]
"aws-cdk.aws-cloudwatch" = ">=0.28.0,<0.29.0"
"aws-cdk.aws-iam" = ">=0.28.0,<0.29.0"
"aws-cdk.cdk" = ">=0.28.0,<0.29.0"
jsii = "*"
publication = ">=0.0.3"

[[package]]
name = "aws-cdk.aws-s3"
version = "0.28.0"
description = "CDK Constructs for AWS S3"
category = "main"
optional = false
python-versions = ">=3.6"

[package.dependencies]
"aws-cdk.aws-events" = ">=0.28.0,<0.29.0"
"aws-cdk.aws-iam" = ">=0.28.0,<0.29.0"
"aws-cdk.aws-kms" = ">=0.28.0,<0.29.0"
"aws-cdk.aws-s3-notifications" = ">=0.28.0,<0.29.0"
"aws-cdk.cdk" = ">=0.28.0,<0.29.0"
jsii = "*"
publication = ">=0.0.3"

[[package]]
name = "aws-cdk.aws-s3-notifications"
version = "0.28.0"
description = "Bucket Notifications API for AWS S3"
category = "main"
optional = false
python-versions = ">=3.6"

[package.dependencies]
"aws-cdk.cdk" = ">=0.28.0,<0.29.0"
jsii = "*"
publication = ">=0.0.3"

[[package]]
name = "aws-cdk.aws-sqs"
version = "0.28.0"
description = "CDK Constructs for AWS SQS"
category = "main"
optional = false
python-versions = ">=3.6"

[package.dependencies]
"aws-cdk.aws-autoscaling-api" = ">=0.28.0,<0.29.0"
"aws-cdk.aws-cloudwatch" = ">=0.28.0,<0.29.0"
"aws-cdk.aws-iam" = ">=0.28.0,<0.29.0"
"aws-cdk.aws-kms" = ">=0.28.0,<0.29.0"
"aws-cdk.aws-s3-notifications" = ">=0.28.0,<0.29.0"
"aws-cdk.cdk" = ">=0.28.0,<0.29.0"
jsii = "*"
publication = ">=0.0.3"

[[package]]
name = "aws-cdk.aws-stepfunctions"
version = "0.28.0"
description = "The CDK Construct Library for AWS::StepFunctions"
category = "main"
optional = false
python-versions = ">=3.6"

[package.dependencies]
"aws-cdk.aws-cloudwatch" = ">=0.28.0,<0.29.0"
"aws-cdk.aws-events" = ">=0.28.0,<0.29.0"
"aws-cdk.aws-iam" = ">=0.28.0,<0.29.0"
"aws-cdk.cdk" = ">=0.28.0,<0.29.0"
jsii = "*"
publication = ">=0.0.3"

[[package]]
name = "aws-cdk.cdk"
version = "0.28.0"
description = "AWS Cloud Development Kit Core Library"
category = "main"
optional = false
python-versions = ">=3.6"

[package.dependencies]
"aws-cdk.cx-api" = ">=0.28.0,<0.29.0"
jsii = "*"
publication = ">=0.0.3"

[[package]]
name = "aws-cdk.cx-api"
version = "0.28.0"
description = "Cloud executable protocol"
category = "main"
optional = false
python-versions = ">=3.6"

[package.dependencies]
jsii = "*"
publication = ">=0.0.3"

[[package]]
name = "aws-cdk.region-info"
version = "0.28.0"
description = "AWS region information, such as service principal names"
category = "main"
optional = false
python-versions = ">=3.6"

[package.dependencies]
jsii = "*"
publication = ">=0.0.3"

[[package]]
name = "cattrs"
version = "1.8.0"
description = "Composable complex class support for attrs and dataclasses."
category = "main"
optional = false
python-versions = ">=3.7,<4.0"

[package.dependencies]
attrs = ">=20"

[[package]]
name = "colorama"
version = "0.4.4"
description = "Cross-platform colored terminal text."
category = "dev"
optional = false
python-versions = ">=2.7, !=3.0.*, !=3.1.*, !=3.2.*, !=3.3.*, !=3.4.*"

[[package]]
name = "constructs"
version = "10.0.12"
description = "A programming model for software-defined state"
category = "main"
optional = false
python-versions = ">=3.6"

[package.dependencies]
jsii = ">=1.47.0,<2.0.0"
publication = ">=0.0.3"

[[package]]
name = "coverage"
version = "6.2"
description = "Code coverage measurement for Python"
category = "dev"
optional = false
python-versions = ">=3.6"

[package.dependencies]
tomli = {version = "*", optional = true, markers = "extra == \"toml\""}

[package.extras]
toml = ["tomli"]

[[package]]
name = "iniconfig"
version = "1.1.1"
description = "iniconfig: brain-dead simple config-ini parsing"
category = "dev"
optional = false
python-versions = "*"

[[package]]
name = "jsii"
version = "1.49.0"
description = "Python client for jsii runtime"
category = "main"
optional = false
python-versions = "~=3.6"

[package.dependencies]
attrs = ">=21.2,<22.0"
cattrs = {version = ">=1.8.0,<1.9.0", markers = "python_version >= \"3.7\""}
python-dateutil = "*"
typing-extensions = ">=3.7,<5.0"

[[package]]
name = "packaging"
version = "21.3"
description = "Core utilities for Python packages"
category = "dev"
optional = false
python-versions = ">=3.6"

[package.dependencies]
pyparsing = ">=2.0.2,<3.0.5 || >3.0.5"

[[package]]
name = "pluggy"
version = "1.0.0"
description = "plugin and hook calling mechanisms for python"
category = "dev"
optional = false
python-versions = ">=3.6"

[package.extras]
dev = ["pre-commit", "tox"]
testing = ["pytest", "pytest-benchmark"]

[[package]]
name = "publication"
version = "0.0.3"
description = "Publication helps you maintain public-api-friendly modules by preventing unintentional access to private implementation details via introspection."
category = "main"
optional = false
python-versions = "*"

[[package]]
name = "py"
version = "1.11.0"
description = "library with cross-python path, ini-parsing, io, code, log facilities"
category = "dev"
optional = false
python-versions = ">=2.7, !=3.0.*, !=3.1.*, !=3.2.*, !=3.3.*, !=3.4.*"

[[package]]
name = "pyparsing"
version = "3.0.6"
description = "Python parsing module"
category = "dev"
optional = false
python-versions = ">=3.6"

[package.extras]
diagrams = ["jinja2", "railroad-diagrams"]

[[package]]
name = "pytest"
version = "6.2.5"
description = "pytest: simple powerful testing with Python"
category = "dev"
optional = false
python-versions = ">=3.6"

[package.dependencies]
atomicwrites = {version = ">=1.0", markers = "sys_platform == \"win32\""}
attrs = ">=19.2.0"
colorama = {version = "*", markers = "sys_platform == \"win32\""}
iniconfig = "*"
packaging = "*"
pluggy = ">=0.12,<2.0"
py = ">=1.8.2"
toml = "*"

[package.extras]
testing = ["argcomplete", "hypothesis (>=3.56)", "mock", "nose", "requests", "xmlschema"]

[[package]]
name = "pytest-cov"
version = "3.0.0"
description = "Pytest plugin for measuring coverage."
category = "dev"
optional = false
python-versions = ">=3.6"

[package.dependencies]
coverage = {version = ">=5.2.1", extras = ["toml"]}
pytest = ">=4.6"

[package.extras]
testing = ["fields", "hunter", "process-tests", "six", "pytest-xdist", "virtualenv"]

[[package]]
name = "python-dateutil"
version = "2.8.2"
description = "Extensions to the standard Python datetime module"
category = "main"
optional = false
python-versions = "!=3.0.*,!=3.1.*,!=3.2.*,>=2.7"

[package.dependencies]
six = ">=1.5"

[[package]]
name = "six"
version = "1.16.0"
description = "Python 2 and 3 compatibility utilities"
category = "main"
optional = false
python-versions = ">=2.7, !=3.0.*, !=3.1.*, !=3.2.*"

[[package]]
name = "toml"
version = "0.10.2"
description = "Python Library for Tom's Obvious, Minimal Language"
category = "dev"
optional = false
python-versions = ">=2.6, !=3.0.*, !=3.1.*, !=3.2.*"

[[package]]
name = "tomli"
version = "2.0.0"
description = "A lil' TOML parser"
category = "dev"
optional = false
python-versions = ">=3.7"

[[package]]
name = "typing-extensions"
version = "4.0.1"
description = "Backported and Experimental Type Hints for Python 3.6+"
category = "main"
optional = false
python-versions = ">=3.6"

[metadata]
lock-version = "1.1"
python-versions = "^3.9"
content-hash = "25d657a3086a0839ea4bdc0e987dc5956088aefbe7b20160a2cb65a3981e511a"

[metadata.files]
atomicwrites = [
    {file = "atomicwrites-1.4.0-py2.py3-none-any.whl", hash = "sha256:6d1784dea7c0c8d4a5172b6c620f40b6e4cbfdf96d783691f2e1302a7b88e197"},
    {file = "atomicwrites-1.4.0.tar.gz", hash = "sha256:ae70396ad1a434f9c7046fd2dd196fc04b12f9e91ffb859164193be8b6168a7a"},
]
attrs = [
    {file = "attrs-21.2.0-py2.py3-none-any.whl", hash = "sha256:149e90d6d8ac20db7a955ad60cf0e6881a3f20d37096140088356da6c716b0b1"},
    {file = "attrs-21.2.0.tar.gz", hash = "sha256:ef6aaac3ca6cd92904cdd0d83f629a15f18053ec84e6432106f7a4d04ae4f5fb"},
]
aws-cdk-lib = [
    {file = "aws-cdk-lib-2.1.0.tar.gz", hash = "sha256:b88bf0c1f161ca8d4546bf8f0e35d9c22843741443ab0ed2e6ebafcfd35567d4"},
    {file = "aws_cdk_lib-2.1.0-py3-none-any.whl", hash = "sha256:ccff5437f354cabf27b55e2878439ea403e58d8e8430a82be73c452a25322d8c"},
]
"aws-cdk.assets" = [
    {file = "aws-cdk.assets-0.28.0.tar.gz", hash = "sha256:8093b413b9bb6b84ed5ac9023c2e02a0d209865c8108bde4cc4c16b893f66ad3"},
    {file = "aws_cdk.assets-0.28.0-py3-none-any.whl", hash = "sha256:9eb01cf5b7a256f17360b4bcbdb56183021ee959af0af437332c8a29c00c3c8b"},
]
"aws-cdk.aws-apigatewayv2-alpha" = [
    {file = "aws-cdk.aws-apigatewayv2-alpha-2.1.0a0.tar.gz", hash = "sha256:23321732e523869bf35ee7b373548efa013b2baa6adb424d3367c7cac17f0426"},
    {file = "aws_cdk.aws_apigatewayv2_alpha-2.1.0a0-py3-none-any.whl", hash = "sha256:596ea6c71311a74e68d5f75f559e6d2802e7c8711655fd3eed986e1ec9cf4b46"},
]
"aws-cdk.aws-apigatewayv2-integrations-alpha" = [
    {file = "aws-cdk.aws-apigatewayv2-integrations-alpha-2.1.0a0.tar.gz", hash = "sha256:584a9d953f57b60a6895db00b914c876246bc6e83344739c7d827a4b4b9e8309"},
    {file = "aws_cdk.aws_apigatewayv2_integrations_alpha-2.1.0a0-py3-none-any.whl", hash = "sha256:c7868fbbc2bb7bde0c00402a5a2559da5b7e4275e8ef6c305771994c2ac08c39"},
]
"aws-cdk.aws-autoscaling-api" = [
    {file = "aws-cdk.aws-autoscaling-api-0.28.0.tar.gz", hash = "sha256:3f356ef136a095ec4a8c85cc9ab02ea2b51dd849f3688ae09c2ad60b438889d9"},
    {file = "aws_cdk.aws_autoscaling_api-0.28.0-py3-none-any.whl", hash = "sha256:f3c815c4a1af2f2ee418eb4236df9d8260d5fb7e12bbbffc0e17701f5fd32928"},
]
"aws-cdk.aws-cloudwatch" = [
    {file = "aws-cdk.aws-cloudwatch-0.28.0.tar.gz", hash = "sha256:fb304f15c650d8c39bfae95499429ca18ab569d965d31df0717f325043ecb0a9"},
    {file = "aws_cdk.aws_cloudwatch-0.28.0-py3-none-any.whl", hash = "sha256:5395b2cebf885188292d3fdb33fddcae55110773bdb804e64d8f90a5da0730d4"},
]
"aws-cdk.aws-ec2" = [
    {file = "aws-cdk.aws-ec2-0.28.0.tar.gz", hash = "sha256:bb3d124d1a8378314bb6f648b384a3029c09bfbcc3b79ec12e125f3c9bb520aa"},
    {file = "aws_cdk.aws_ec2-0.28.0-py3-none-any.whl", hash = "sha256:0549814a9fa6046c25c77c9e320def4f886187733a2012ea871502b770201669"},
]
"aws-cdk.aws-events" = [
    {file = "aws-cdk.aws-events-0.28.0.tar.gz", hash = "sha256:1f808d730fafbeb304802a83f4369f7c426478a5d24fb39265c4488d6893c303"},
    {file = "aws_cdk.aws_events-0.28.0-py3-none-any.whl", hash = "sha256:3c1124406d4d9d1c2467db600e00af90f705fbdaae06539c998523495c88838a"},
]
"aws-cdk.aws-iam" = [
    {file = "aws-cdk.aws-iam-0.28.0.tar.gz", hash = "sha256:98212ec862e8c723a604b8a15d75747d334d1325832384c9e6c2a0492b927929"},
    {file = "aws_cdk.aws_iam-0.28.0-py3-none-any.whl", hash = "sha256:50fd128b744191c17567b2c9706ef0bd0fab6db69eede84effe1a12bf27a8fce"},
]
"aws-cdk.aws-kms" = [
    {file = "aws-cdk.aws-kms-0.28.0.tar.gz", hash = "sha256:94be43d659fd434729732d338e37b136fd42da15916510790b6f1420f2ac39b4"},
    {file = "aws_cdk.aws_kms-0.28.0-py3-none-any.whl", hash = "sha256:cdabf44d7875aeeee39d7e50614dfae65cb32c2533bdb6fb2ab1be7283fe9d96"},
]
"aws-cdk.aws-lambda" = [
    {file = "aws-cdk.aws-lambda-0.28.0.tar.gz", hash = "sha256:c6fa1780e2ebc3b03be3dc0528a6040fc50021bf29b5f912de37db7a9987f2aa"},
    {file = "aws_cdk.aws_lambda-0.28.0-py3-none-any.whl", hash = "sha256:17045ed1aed97521f60b126f1e6a2fd41c092faa7b979b142a6c0ac2f63d4574"},
]
"aws-cdk.aws-lambda-python-alpha" = [
    {file = "aws-cdk.aws-lambda-python-alpha-2.1.0a0.tar.gz", hash = "sha256:9467fcd0547627654aa7914d69900c10d56305f410c935a6e0b67a2f14d2cf7d"},
    {file = "aws_cdk.aws_lambda_python_alpha-2.1.0a0-py3-none-any.whl", hash = "sha256:4c7bca77623b719df22ea51b0c641cb90f80d0bff0451d869d2512ac8f4c6316"},
]
"aws-cdk.aws-logs" = [
    {file = "aws-cdk.aws-logs-0.28.0.tar.gz", hash = "sha256:4e00fe9e4e4e7c297d169fa863a07951f6511a18e9a8c16dea7552ae1b8908d6"},
    {file = "aws_cdk.aws_logs-0.28.0-py3-none-any.whl", hash = "sha256:d44afd4d8e5aa21c54f909425def868d1fd44131ea87c11865be0df592a2c970"},
]
"aws-cdk.aws-s3" = [
    {file = "aws-cdk.aws-s3-0.28.0.tar.gz", hash = "sha256:17218d1fc73e1b19659ec1155bd3363f30221190ee7fe4a12a6602acee1fa05a"},
    {file = "aws_cdk.aws_s3-0.28.0-py3-none-any.whl", hash = "sha256:aa5552893b0e98bfa0d44b95dfcbcdf23a3e434ea9fc22c80d64e89f97d965bb"},
]
"aws-cdk.aws-s3-notifications" = [
    {file = "aws-cdk.aws-s3-notifications-0.28.0.tar.gz", hash = "sha256:d859a7501f397463f8a20f9f9de8b0848a28ae00f1a4b06c94588c922bc1b512"},
    {file = "aws_cdk.aws_s3_notifications-0.28.0-py3-none-any.whl", hash = "sha256:85f3e8873602a1ee95b49c1ab73457152ca9aea9585fcbe5fa1de6eca754c8bd"},
]
"aws-cdk.aws-sqs" = [
    {file = "aws-cdk.aws-sqs-0.28.0.tar.gz", hash = "sha256:05da8d30071a63f5eec9bb89f51d6429a18720ab30c9f4f843859c71067c0cf9"},
    {file = "aws_cdk.aws_sqs-0.28.0-py3-none-any.whl", hash = "sha256:e4285299cf5b0a7d7cf637fbab398903fe6fc56fb20614b92bf1dad4de4593d9"},
]
"aws-cdk.aws-stepfunctions" = [
    {file = "aws-cdk.aws-stepfunctions-0.28.0.tar.gz", hash = "sha256:4a9769139d110b92311b4fdbc86090e64bb7573f637a773789dbc88087921c7e"},
    {file = "aws_cdk.aws_stepfunctions-0.28.0-py3-none-any.whl", hash = "sha256:ba85b9dca9d5f3740673fed099feaaf7d39734485c90f702a1e7145839501cf2"},
]
"aws-cdk.cdk" = [
    {file = "aws-cdk.cdk-0.28.0.tar.gz", hash = "sha256:ecb40bb544391c989d9f9f5e3427b8382ab84e7959bd5fa8a5a210504dd6382b"},
    {file = "aws_cdk.cdk-0.28.0-py3-none-any.whl", hash = "sha256:862fba274def8b5a1450ddefe68c47ac79cd39a05a1068faff2b5ad4809a6e9f"},
]
"aws-cdk.cx-api" = [
    {file = "aws-cdk.cx-api-0.28.0.tar.gz", hash = "sha256:1abdabeb88b45b0089530f25c61fb12de493a6cebdc431dc59ba278cd6452344"},
    {file = "aws_cdk.cx_api-0.28.0-py3-none-any.whl", hash = "sha256:58639cdf29ac2ae556232ca11ed22e7232292b7f770d7bb0447849e36b78e1f2"},
]
"aws-cdk.region-info" = [
    {file = "aws-cdk.region-info-0.28.0.tar.gz", hash = "sha256:63566c00df79977da510bf4af88cd020e944411dd3de005422cce2e6132c63aa"},
    {file = "aws_cdk.region_info-0.28.0-py3-none-any.whl", hash = "sha256:995e2967d72b6979ddd20f49cf728485fa9ee8a177ccfcddd910f6c2732b6edd"},
]
cattrs = [
    {file = "cattrs-1.8.0-py3-none-any.whl", hash = "sha256:901fb2040529ae8fc9d93f48a2cdf7de3e983312ffb2a164ffa4e9847f253af1"},
    {file = "cattrs-1.8.0.tar.gz", hash = "sha256:5c121ab06a7cac494813c228721a7feb5a6423b17316eeaebf13f5a03e5b0d53"},
]
colorama = [
    {file = "colorama-0.4.4-py2.py3-none-any.whl", hash = "sha256:9f47eda37229f68eee03b24b9748937c7dc3868f906e8ba69fbcbdd3bc5dc3e2"},
    {file = "colorama-0.4.4.tar.gz", hash = "sha256:5941b2b48a20143d2267e95b1c2a7603ce057ee39fd88e7329b0c292aa16869b"},
]
constructs = [
    {file = "constructs-10.0.12-py3-none-any.whl", hash = "sha256:ab4de74e8040041934874e30196dc658382547f1f901560a0bf3ad678d03992b"},
    {file = "constructs-10.0.12.tar.gz", hash = "sha256:1e9caee646942c05b9f17b3525fcd728edc253bda0a4f9027af3b3e01ae81bbd"},
]
coverage = [
    {file = "coverage-6.2-cp310-cp310-macosx_10_9_x86_64.whl", hash = "sha256:6dbc1536e105adda7a6312c778f15aaabe583b0e9a0b0a324990334fd458c94b"},
    {file = "coverage-6.2-cp310-cp310-manylinux_2_17_aarch64.manylinux2014_aarch64.whl", hash = "sha256:174cf9b4bef0db2e8244f82059a5a72bd47e1d40e71c68ab055425172b16b7d0"},
    {file = "coverage-6.2-cp310-cp310-manylinux_2_5_i686.manylinux1_i686.manylinux_2_12_i686.manylinux2010_i686.whl", hash = "sha256:92b8c845527eae547a2a6617d336adc56394050c3ed8a6918683646328fbb6da"},
    {file = "coverage-6.2-cp310-cp310-manylinux_2_5_x86_64.manylinux1_x86_64.manylinux_2_12_x86_64.manylinux2010_x86_64.whl", hash = "sha256:c7912d1526299cb04c88288e148c6c87c0df600eca76efd99d84396cfe00ef1d"},
    {file = "coverage-6.2-cp310-cp310-musllinux_1_1_aarch64.whl", hash = "sha256:d5d2033d5db1d58ae2d62f095e1aefb6988af65b4b12cb8987af409587cc0739"},
    {file = "coverage-6.2-cp310-cp310-musllinux_1_1_i686.whl", hash = "sha256:3feac4084291642165c3a0d9eaebedf19ffa505016c4d3db15bfe235718d4971"},
    {file = "coverage-6.2-cp310-cp310-musllinux_1_1_x86_64.whl", hash = "sha256:276651978c94a8c5672ea60a2656e95a3cce2a3f31e9fb2d5ebd4c215d095840"},
    {file = "coverage-6.2-cp310-cp310-win32.whl", hash = "sha256:f506af4f27def639ba45789fa6fde45f9a217da0be05f8910458e4557eed020c"},
    {file = "coverage-6.2-cp310-cp310-win_amd64.whl", hash = "sha256:3f7c17209eef285c86f819ff04a6d4cbee9b33ef05cbcaae4c0b4e8e06b3ec8f"},
    {file = "coverage-6.2-cp311-cp311-macosx_10_14_x86_64.whl", hash = "sha256:13362889b2d46e8d9f97c421539c97c963e34031ab0cb89e8ca83a10cc71ac76"},
    {file = "coverage-6.2-cp311-cp311-manylinux_2_5_x86_64.manylinux1_x86_64.whl", hash = "sha256:22e60a3ca5acba37d1d4a2ee66e051f5b0e1b9ac950b5b0cf4aa5366eda41d47"},
    {file = "coverage-6.2-cp311-cp311-win_amd64.whl", hash = "sha256:b637c57fdb8be84e91fac60d9325a66a5981f8086c954ea2772efe28425eaf64"},
    {file = "coverage-6.2-cp36-cp36m-macosx_10_9_x86_64.whl", hash = "sha256:f467bbb837691ab5a8ca359199d3429a11a01e6dfb3d9dcc676dc035ca93c0a9"},
    {file = "coverage-6.2-cp36-cp36m-manylinux_2_17_aarch64.manylinux2014_aarch64.whl", hash = "sha256:2641f803ee9f95b1f387f3e8f3bf28d83d9b69a39e9911e5bfee832bea75240d"},
    {file = "coverage-6.2-cp36-cp36m-manylinux_2_5_i686.manylinux1_i686.manylinux_2_12_i686.manylinux2010_i686.whl", hash = "sha256:1219d760ccfafc03c0822ae2e06e3b1248a8e6d1a70928966bafc6838d3c9e48"},
    {file = "coverage-6.2-cp36-cp36m-manylinux_2_5_x86_64.manylinux1_x86_64.manylinux_2_12_x86_64.manylinux2010_x86_64.whl", hash = "sha256:9a2b5b52be0a8626fcbffd7e689781bf8c2ac01613e77feda93d96184949a98e"},
    {file = "coverage-6.2-cp36-cp36m-musllinux_1_1_aarch64.whl", hash = "sha256:8e2c35a4c1f269704e90888e56f794e2d9c0262fb0c1b1c8c4ee44d9b9e77b5d"},
    {file = "coverage-6.2-cp36-cp36m-musllinux_1_1_i686.whl", hash = "sha256:5d6b09c972ce9200264c35a1d53d43ca55ef61836d9ec60f0d44273a31aa9f17"},
    {file = "coverage-6.2-cp36-cp36m-musllinux_1_1_x86_64.whl", hash = "sha256:e3db840a4dee542e37e09f30859f1612da90e1c5239a6a2498c473183a50e781"},
    {file = "coverage-6.2-cp36-cp36m-win32.whl", hash = "sha256:4e547122ca2d244f7c090fe3f4b5a5861255ff66b7ab6d98f44a0222aaf8671a"},
    {file = "coverage-6.2-cp36-cp36m-win_amd64.whl", hash = "sha256:01774a2c2c729619760320270e42cd9e797427ecfddd32c2a7b639cdc481f3c0"},
    {file = "coverage-6.2-cp37-cp37m-macosx_10_9_x86_64.whl", hash = "sha256:fb8b8ee99b3fffe4fd86f4c81b35a6bf7e4462cba019997af2fe679365db0c49"},
    {file = "coverage-6.2-cp37-cp37m-manylinux_2_17_aarch64.manylinux2014_aarch64.whl", hash = "sha256:619346d57c7126ae49ac95b11b0dc8e36c1dd49d148477461bb66c8cf13bb521"},
    {file = "coverage-6.2-cp37-cp37m-manylinux_2_5_i686.manylinux1_i686.manylinux_2_12_i686.manylinux2010_i686.whl", hash = "sha256:0a7726f74ff63f41e95ed3a89fef002916c828bb5fcae83b505b49d81a066884"},
    {file = "coverage-6.2-cp37-cp37m-manylinux_2_5_x86_64.manylinux1_x86_64.manylinux_2_12_x86_64.manylinux2010_x86_64.whl", hash = "sha256:cfd9386c1d6f13b37e05a91a8583e802f8059bebfccde61a418c5808dea6bbfa"},
    {file = "coverage-6.2-cp37-cp37m-musllinux_1_1_aarch64.whl", hash = "sha256:17e6c11038d4ed6e8af1407d9e89a2904d573be29d51515f14262d7f10ef0a64"},
    {file = "coverage-6.2-cp37-cp37m-musllinux_1_1_i686.whl", hash = "sha256:c254b03032d5a06de049ce8bca8338a5185f07fb76600afff3c161e053d88617"},
    {file = "coverage-6.2-cp37-cp37m-musllinux_1_1_x86_64.whl", hash = "sha256:dca38a21e4423f3edb821292e97cec7ad38086f84313462098568baedf4331f8"},
    {file = "coverage-6.2-cp37-cp37m-win32.whl", hash = "sha256:600617008aa82032ddeace2535626d1bc212dfff32b43989539deda63b3f36e4"},
    {file = "coverage-6.2-cp37-cp37m-win_amd64.whl", hash = "sha256:bf154ba7ee2fd613eb541c2bc03d3d9ac667080a737449d1a3fb342740eb1a74"},
    {file = "coverage-6.2-cp38-cp38-macosx_10_9_x86_64.whl", hash = "sha256:f9afb5b746781fc2abce26193d1c817b7eb0e11459510fba65d2bd77fe161d9e"},
    {file = "coverage-6.2-cp38-cp38-manylinux_2_17_aarch64.manylinux2014_aarch64.whl", hash = "sha256:edcada2e24ed68f019175c2b2af2a8b481d3d084798b8c20d15d34f5c733fa58"},
    {file = "coverage-6.2-cp38-cp38-manylinux_2_5_i686.manylinux1_i686.manylinux_2_12_i686.manylinux2010_i686.whl", hash = "sha256:a9c8c4283e17690ff1a7427123ffb428ad6a52ed720d550e299e8291e33184dc"},
    {file = "coverage-6.2-cp38-cp38-manylinux_2_5_x86_64.manylinux1_x86_64.manylinux_2_12_x86_64.manylinux2010_x86_64.whl", hash = "sha256:f614fc9956d76d8a88a88bb41ddc12709caa755666f580af3a688899721efecd"},
    {file = "coverage-6.2-cp38-cp38-musllinux_1_1_aarch64.whl", hash = "sha256:9365ed5cce5d0cf2c10afc6add145c5037d3148585b8ae0e77cc1efdd6aa2953"},
    {file = "coverage-6.2-cp38-cp38-musllinux_1_1_i686.whl", hash = "sha256:8bdfe9ff3a4ea37d17f172ac0dff1e1c383aec17a636b9b35906babc9f0f5475"},
    {file = "coverage-6.2-cp38-cp38-musllinux_1_1_x86_64.whl", hash = "sha256:63c424e6f5b4ab1cf1e23a43b12f542b0ec2e54f99ec9f11b75382152981df57"},
    {file = "coverage-6.2-cp38-cp38-win32.whl", hash = "sha256:49dbff64961bc9bdd2289a2bda6a3a5a331964ba5497f694e2cbd540d656dc1c"},
    {file = "coverage-6.2-cp38-cp38-win_amd64.whl", hash = "sha256:9a29311bd6429be317c1f3fe4bc06c4c5ee45e2fa61b2a19d4d1d6111cb94af2"},
    {file = "coverage-6.2-cp39-cp39-macosx_10_9_x86_64.whl", hash = "sha256:03b20e52b7d31be571c9c06b74746746d4eb82fc260e594dc662ed48145e9efd"},
    {file = "coverage-6.2-cp39-cp39-manylinux_2_17_aarch64.manylinux2014_aarch64.whl", hash = "sha256:215f8afcc02a24c2d9a10d3790b21054b58d71f4b3c6f055d4bb1b15cecce685"},
    {file = "coverage-6.2-cp39-cp39-manylinux_2_5_i686.manylinux1_i686.manylinux_2_12_i686.manylinux2010_i686.whl", hash = "sha256:a4bdeb0a52d1d04123b41d90a4390b096f3ef38eee35e11f0b22c2d031222c6c"},
    {file = "coverage-6.2-cp39-cp39-manylinux_2_5_x86_64.manylinux1_x86_64.manylinux_2_12_x86_64.manylinux2010_x86_64.whl", hash = "sha256:c332d8f8d448ded473b97fefe4a0983265af21917d8b0cdcb8bb06b2afe632c3"},
    {file = "coverage-6.2-cp39-cp39-win32.whl", hash = "sha256:6e1394d24d5938e561fbeaa0cd3d356207579c28bd1792f25a068743f2d5b282"},
    {file = "coverage-6.2-cp39-cp39-win_amd64.whl", hash = "sha256:86f2e78b1eff847609b1ca8050c9e1fa3bd44ce755b2ec30e70f2d3ba3844644"},
    {file = "coverage-6.2-pp36.pp37.pp38-none-any.whl", hash = "sha256:5829192582c0ec8ca4a2532407bc14c2f338d9878a10442f5d03804a95fac9de"},
    {file = "coverage-6.2.tar.gz", hash = "sha256:e2cad8093172b7d1595b4ad66f24270808658e11acf43a8f95b41276162eb5b8"},
]
iniconfig = [
    {file = "iniconfig-1.1.1-py2.py3-none-any.whl", hash = "sha256:011e24c64b7f47f6ebd835bb12a743f2fbe9a26d4cecaa7f53bc4f35ee9da8b3"},
    {file = "iniconfig-1.1.1.tar.gz", hash = "sha256:bc3af051d7d14b2ee5ef9969666def0cd1a000e121eaea580d4a313df4b37f32"},
]
jsii = [
    {file = "jsii-1.49.0-py3-none-any.whl", hash = "sha256:0d8fb7f6d8f520325a871eba2deeb0f138b2642e15d06a74fe095f9a90ab43f9"},
    {file = "jsii-1.49.0.tar.gz", hash = "sha256:403947d1b459957d98683681334a1928810aab4e85c98db773be01b3d536888e"},
]
packaging = [
    {file = "packaging-21.3-py3-none-any.whl", hash = "sha256:ef103e05f519cdc783ae24ea4e2e0f508a9c99b2d4969652eed6a2e1ea5bd522"},
    {file = "packaging-21.3.tar.gz", hash = "sha256:dd47c42927d89ab911e606518907cc2d3a1f38bbd026385970643f9c5b8ecfeb"},
]
pluggy = [
    {file = "pluggy-1.0.0-py2.py3-none-any.whl", hash = "sha256:74134bbf457f031a36d68416e1509f34bd5ccc019f0bcc952c7b909d06b37bd3"},
    {file = "pluggy-1.0.0.tar.gz", hash = "sha256:4224373bacce55f955a878bf9cfa763c1e360858e330072059e10bad68531159"},
]
publication = [
    {file = "publication-0.0.3-py2.py3-none-any.whl", hash = "sha256:0248885351febc11d8a1098d5c8e3ab2dabcf3e8c0c96db1e17ecd12b53afbe6"},
    {file = "publication-0.0.3.tar.gz", hash = "sha256:68416a0de76dddcdd2930d1c8ef853a743cc96c82416c4e4d3b5d901c6276dc4"},
]
py = [
    {file = "py-1.11.0-py2.py3-none-any.whl", hash = "sha256:607c53218732647dff4acdfcd50cb62615cedf612e72d1724fb1a0cc6405b378"},
    {file = "py-1.11.0.tar.gz", hash = "sha256:51c75c4126074b472f746a24399ad32f6053d1b34b68d2fa41e558e6f4a98719"},
]
pyparsing = [
    {file = "pyparsing-3.0.6-py3-none-any.whl", hash = "sha256:04ff808a5b90911829c55c4e26f75fa5ca8a2f5f36aa3a51f68e27033341d3e4"},
    {file = "pyparsing-3.0.6.tar.gz", hash = "sha256:d9bdec0013ef1eb5a84ab39a3b3868911598afa494f5faa038647101504e2b81"},
]
pytest = [
    {file = "pytest-6.2.5-py3-none-any.whl", hash = "sha256:7310f8d27bc79ced999e760ca304d69f6ba6c6649c0b60fb0e04a4a77cacc134"},
    {file = "pytest-6.2.5.tar.gz", hash = "sha256:131b36680866a76e6781d13f101efb86cf674ebb9762eb70d3082b6f29889e89"},
]
pytest-cov = [
    {file = "pytest-cov-3.0.0.tar.gz", hash = "sha256:e7f0f5b1617d2210a2cabc266dfe2f4c75a8d32fb89eafb7ad9d06f6d076d470"},
    {file = "pytest_cov-3.0.0-py3-none-any.whl", hash = "sha256:578d5d15ac4a25e5f961c938b85a05b09fdaae9deef3bb6de9a6e766622ca7a6"},
]
python-dateutil = [
    {file = "python-dateutil-2.8.2.tar.gz", hash = "sha256:0123cacc1627ae19ddf3c27a5de5bd67ee4586fbdd6440d9748f8abb483d3e86"},
    {file = "python_dateutil-2.8.2-py2.py3-none-any.whl", hash = "sha256:961d03dc3453ebbc59dbdea9e4e11c5651520a876d0f4db161e8674aae935da9"},
]
six = [
    {file = "six-1.16.0-py2.py3-none-any.whl", hash = "sha256:8abb2f1d86890a2dfb989f9a77cfcfd3e47c2a354b01111771326f8aa26e0254"},
    {file = "six-1.16.0.tar.gz", hash = "sha256:1e61c37477a1626458e36f7b1d82aa5c9b094fa4802892072e49de9c60c4c926"},
]
toml = [
    {file = "toml-0.10.2-py2.py3-none-any.whl", hash = "sha256:806143ae5bfb6a3c6e736a764057db0e6a0e05e338b5630894a5f779cabb4f9b"},
    {file = "toml-0.10.2.tar.gz", hash = "sha256:b3bda1d108d5dd99f4a20d24d9c348e91c4db7ab1b749200bded2f839ccbe68f"},
]
tomli = [
    {file = "tomli-2.0.0-py3-none-any.whl", hash = "sha256:b5bde28da1fed24b9bd1d4d2b8cba62300bfb4ec9a6187a957e8ddb9434c5224"},
    {file = "tomli-2.0.0.tar.gz", hash = "sha256:c292c34f58502a1eb2bbb9f5bbc9a5ebc37bee10ffb8c2d6bbdfa8eb13cc14e1"},
]
typing-extensions = [
    {file = "typing_extensions-4.0.1-py3-none-any.whl", hash = "sha256:7f001e5ac290a0c0401508864c7ec868be4e701886d5b573a9528ed3973d9d3b"},
    {file = "typing_extensions-4.0.1.tar.gz", hash = "sha256:4ca091dea149f945ec56afb48dae714f21e8692ef22a395223bcd328961b6a0e"},
]
